
Microsoft Visual Studio Solution File, Format Version 12.00
# Visual Studio 15
VisualStudioVersion = 15.0.28307.757
MinimumVisualStudioVersion = 10.0.40219.1
Project("{8BC9CEB8-8B4A-11D0-8D11-00A0C91BC942}") = "agsfastwfc", "agsfastwfc\agsfastwfc.vcxproj", "{E6408FE5-80A3-48D8-8B0C-6003F8F81B8E}"
EndProject
Global
	GlobalSection(SolutionConfigurationPlatforms) = preSolution
		Debug|x64 = Debug|x64
		Debug|x86 = Debug|x86
		Release|x64 = Release|x64
		Release|x86 = Release|x86
	EndGlobalSection
	GlobalSection(ProjectConfigurationPlatforms) = postSolution
		{E6408FE5-80A3-48D8-8B0C-6003F8F81B8E}.Debug|x64.ActiveCfg = Debug|x64
		{E6408FE5-80A3-48D8-8B0C-6003F8F81B8E}.Debug|x64.Build.0 = Debug|x64
		{E6408FE5-80A3-48D8-8B0C-6003F8F81B8E}.Debug|x86.ActiveCfg = Debug|Win32
		{E6408FE5-80A3-48D8-8B0C-6003F8F81B8E}.Debug|x86.Build.0 = Debug|Win32
		{E6408FE5-80A3-48D8-8B0C-6003F8F81B8E}.Release|x64.ActiveCfg = Debug|x64
		{E6408FE5-80A3-48D8-8B0C-6003F8F81B8E}.Release|x64.Build.0 = Debug|x64
		{E6408FE5-80A3-48D8-8B0C-6003F8F81B8E}.Release|x86.ActiveCfg = Release|Win32
		{E6408FE5-80A3-48D8-8B0C-6003F8F81B8E}.Release|x86.Build.0 = Release|Win32
	EndGlobalSection
	GlobalSection(SolutionProperties) = preSolution
		HideSolutionNode = FALSE
	EndGlobalSection
	GlobalSection(ExtensibilityGlobals) = postSolution
		SolutionGuid = {195C74F5-4450-44CF-8D23-26F92E46DE62}
	EndGlobalSection
EndGlobal
